
Microsoft Visual Studio Solution File, Format Version 12.00
# Visual Studio Version 17
VisualStudioVersion = 17.9.34607.119
MinimumVisualStudioVersion = 10.0.40219.1
Project("{FAE04EC0-301F-11D3-BF4B-00C04F79EFBC}") = "weekly-plan", "weekly-plan\weekly-plan.csproj", "{53476E59-EF89-438B-A723-23A58A89A363}"
EndProject
Global
	GlobalSection(SolutionConfigurationPlatforms) = preSolution
		Debug|Any CPU = Debug|Any CPU
		Release|Any CPU = Release|Any CPU
	EndGlobalSection
	GlobalSection(ProjectConfigurationPlatforms) = postSolution
		{53476E59-EF89-438B-A723-23A58A89A363}.Debug|Any CPU.ActiveCfg = Debug|Any CPU
		{53476E59-EF89-438B-A723-23A58A89A363}.Debug|Any CPU.Build.0 = Debug|Any CPU
		{53476E59-EF89-438B-A723-23A58A89A363}.Release|Any CPU.ActiveCfg = Release|Any CPU
		{53476E59-EF89-438B-A723-23A58A89A363}.Release|Any CPU.Build.0 = Release|Any CPU
	EndGlobalSection
	GlobalSection(SolutionProperties) = preSolution
		HideSolutionNode = FALSE
	EndGlobalSection
	GlobalSection(ExtensibilityGlobals) = postSolution
		SolutionGuid = {D9741772-201D-4F51-A6B5-DA9490E15AA0}
	EndGlobalSection
EndGlobal
